
Microsoft Visual Studio Solution File, Format Version 12.00
# Visual Studio 15
VisualStudioVersion = 15.0.27130.2027
MinimumVisualStudioVersion = 10.0.40219.1
Project("{FAE04EC0-301F-11D3-BF4B-00C04F79EFBC}") = "Data", "Data\Data.csproj", "{80ED0B6B-F822-48B4-9054-7028E5A25B90}"
EndProject
Project("{FAE04EC0-301F-11D3-BF4B-00C04F79EFBC}") = "03 - Introducing Tuples", "03 - Introducing Tuples\03 - Introducing Tuples.csproj", "{1005A5E7-B329-489D-9ED1-C60C1E726C19}"
EndProject
Project("{FAE04EC0-301F-11D3-BF4B-00C04F79EFBC}") = "04 - Tuple Syntax, Literals, and Conversions", "04 - Tuple Syntax, Literals, and Conversions\04 - Tuple Syntax, Literals, and Conversions.csproj", "{A8A182F9-8B25-4D50-BBA3-4DF17840517E}"
EndProject
Project("{FAE04EC0-301F-11D3-BF4B-00C04F79EFBC}") = "04 - Tuple Equality", "04 - Tuple Equality\04 - Tuple Equality.csproj", "{1EF47234-0577-4EDB-A12A-BC8AABEEDAA3}"
EndProject
Project("{FAE04EC0-301F-11D3-BF4B-00C04F79EFBC}") = "05 - Tuple Deconstruction", "05 - Tuple Deconstruction\05 - Tuple Deconstruction.csproj", "{DB0D2C46-1766-4E8D-AF86-94301664A28C}"
EndProject
Project("{FAE04EC0-301F-11D3-BF4B-00C04F79EFBC}") = "07 - Pattern Matching with is", "07 - Pattern Matching with is\07 - Pattern Matching with is.csproj", "{40C4D29D-3EFD-4F70-A7DF-AF6994EA5FB7}"
EndProject
Project("{FAE04EC0-301F-11D3-BF4B-00C04F79EFBC}") = "08 - Type Switch with Pattern Matching", "08 - Type Switch with Pattern Matching\08 - Type Switch with Pattern Matching.csproj", "{9117F8A7-C169-47DE-8F4D-5ED0A3E992A5}"
EndProject
Project("{FAE04EC0-301F-11D3-BF4B-00C04F79EFBC}") = "10 - Local Functions", "10 - Local Functions\10 - Local Functions.csproj", "{FDD74ADE-EAE6-4F3F-B0EB-65FBE7414782}"
EndProject
Project("{FAE04EC0-301F-11D3-BF4B-00C04F79EFBC}") = "11 - Ref Locals", "11 - Ref Locals\11 - Ref Locals.csproj", "{D2B88DEC-CFB2-4AFD-93B9-178359685A70}"
EndProject
Project("{FAE04EC0-301F-11D3-BF4B-00C04F79EFBC}") = "11 - Ref Returns", "11 - Ref Returns\11 - Ref Returns.csproj", "{5C04D365-9E32-424F-970A-C7E1B697A29A}"
EndProject
Project("{FAE04EC0-301F-11D3-BF4B-00C04F79EFBC}") = "14 - More Expression-bodied Members", "14 - More Expression-bodied Members\14 - More Expression-bodied Members.csproj", "{8EEF1B5E-6CFC-4AB8-96E2-81B31DFDC0AA}"
EndProject
Project("{FAE04EC0-301F-11D3-BF4B-00C04F79EFBC}") = "15 - Throw Expressions", "15 - Throw Expressions\15 - Throw Expressions.csproj", "{B2BCB6AC-4BAA-49E6-B47F-EC855FB65CE5}"
EndProject
Project("{FAE04EC0-301F-11D3-BF4B-00C04F79EFBC}") = "16 - Out Variables", "16 - Out Variables\16 - Out Variables.csproj", "{5ED7DA59-3CE9-4ED6-84DE-79753EE8362F}"
EndProject
Project("{FAE04EC0-301F-11D3-BF4B-00C04F79EFBC}") = "17 - Binary Literals and Digit Separators", "17 - Binary Literals and Digit Separators\17 - Binary Literals and Digit Separators.csproj", "{6833FF52-7D26-48A4-A1A0-D4353E342C0E}"
EndProject
Project("{FAE04EC0-301F-11D3-BF4B-00C04F79EFBC}") = "21 - Generic Patterns", "21 - Generic Patterns\21 - Generic Patterns.csproj", "{26503291-BD6C-4878-9CE5-127A1152175D}"
EndProject
Project("{FAE04EC0-301F-11D3-BF4B-00C04F79EFBC}") = "22 - Default Literal", "22 - Default Literal\22 - Default Literal.csproj", "{D6BFA899-2536-441B-B718-2C60A73078C3}"
EndProject
Project("{FAE04EC0-301F-11D3-BF4B-00C04F79EFBC}") = "23 - Inferred Tuples Names", "23 - Inferred Tuples Names\23 - Inferred Tuples Names.csproj", "{97574EC9-6790-45C5-9409-384DA8212ABD}"
EndProject
Project("{FAE04EC0-301F-11D3-BF4B-00C04F79EFBC}") = "27 - In Parameter Modifier", "27 - In Parameter Modifier\27 - In Parameter Modifier.csproj", "{BE4E8CED-09EF-4449-AEA3-4B2B31997C6C}"
EndProject
Project("{FAE04EC0-301F-11D3-BF4B-00C04F79EFBC}") = "28 - Ref Readonly Returns", "28 - Ref Readonly Returns\28 - Ref Readonly Returns.csproj", "{9E51873E-6DFB-4BDD-BA6B-9A86B304DE70}"
EndProject
Project("{FAE04EC0-301F-11D3-BF4B-00C04F79EFBC}") = "29 - Readonly Structs", "29 - Readonly Structs\29 - Readonly Structs.csproj", "{8565E404-A3A0-4B8C-9B7B-6E55898E8B77}"
EndProject
Project("{FAE04EC0-301F-11D3-BF4B-00C04F79EFBC}") = "30 - Ref Structs", "30 - Ref Structs\30 - Ref Structs.csproj", "{8340F068-C696-45E2-A6E7-6033511D8CAF}"
EndProject
Project("{FAE04EC0-301F-11D3-BF4B-00C04F79EFBC}") = "31 - Named Arguments", "31 - Named Arguments\31 - Named Arguments.csproj", "{78006481-951F-40EC-AAD1-AB233B6EBF3B}"
EndProject
Project("{FAE04EC0-301F-11D3-BF4B-00C04F79EFBC}") = "32 - Leading Underscores", "32 - Leading Underscores\32 - Leading Underscores.csproj", "{ED64B6A4-40DA-4C2E-84BC-E090C8B11102}"
EndProject
Project("{FAE04EC0-301F-11D3-BF4B-00C04F79EFBC}") = "33 - Private Protected", "33 - Private Protected\33 - Private Protected.csproj", "{5F83CF84-50DA-4B67-9190-6AF6ED8A3264}"
EndProject
Project("{FAE04EC0-301F-11D3-BF4B-00C04F79EFBC}") = "OtherData", "OtherData\OtherData.csproj", "{C8E2DC4F-4D80-4FA4-BC1D-0FBAC52AC0A7}"
EndProject
Global
	GlobalSection(SolutionConfigurationPlatforms) = preSolution
		Debug|Any CPU = Debug|Any CPU
		Release|Any CPU = Release|Any CPU
	EndGlobalSection
	GlobalSection(ProjectConfigurationPlatforms) = postSolution
		{80ED0B6B-F822-48B4-9054-7028E5A25B90}.Debug|Any CPU.ActiveCfg = Debug|Any CPU
		{80ED0B6B-F822-48B4-9054-7028E5A25B90}.Debug|Any CPU.Build.0 = Debug|Any CPU
		{80ED0B6B-F822-48B4-9054-7028E5A25B90}.Release|Any CPU.ActiveCfg = Release|Any CPU
		{80ED0B6B-F822-48B4-9054-7028E5A25B90}.Release|Any CPU.Build.0 = Release|Any CPU
		{1005A5E7-B329-489D-9ED1-C60C1E726C19}.Debug|Any CPU.ActiveCfg = Debug|Any CPU
		{1005A5E7-B329-489D-9ED1-C60C1E726C19}.Debug|Any CPU.Build.0 = Debug|Any CPU
		{1005A5E7-B329-489D-9ED1-C60C1E726C19}.Release|Any CPU.ActiveCfg = Release|Any CPU
		{1005A5E7-B329-489D-9ED1-C60C1E726C19}.Release|Any CPU.Build.0 = Release|Any CPU
		{A8A182F9-8B25-4D50-BBA3-4DF17840517E}.Debug|Any CPU.ActiveCfg = Debug|Any CPU
		{A8A182F9-8B25-4D50-BBA3-4DF17840517E}.Debug|Any CPU.Build.0 = Debug|Any CPU
		{A8A182F9-8B25-4D50-BBA3-4DF17840517E}.Release|Any CPU.ActiveCfg = Release|Any CPU
		{A8A182F9-8B25-4D50-BBA3-4DF17840517E}.Release|Any CPU.Build.0 = Release|Any CPU
		{1EF47234-0577-4EDB-A12A-BC8AABEEDAA3}.Debug|Any CPU.ActiveCfg = Debug|Any CPU
		{1EF47234-0577-4EDB-A12A-BC8AABEEDAA3}.Debug|Any CPU.Build.0 = Debug|Any CPU
		{1EF47234-0577-4EDB-A12A-BC8AABEEDAA3}.Release|Any CPU.ActiveCfg = Release|Any CPU
		{1EF47234-0577-4EDB-A12A-BC8AABEEDAA3}.Release|Any CPU.Build.0 = Release|Any CPU
		{DB0D2C46-1766-4E8D-AF86-94301664A28C}.Debug|Any CPU.ActiveCfg = Debug|Any CPU
		{DB0D2C46-1766-4E8D-AF86-94301664A28C}.Debug|Any CPU.Build.0 = Debug|Any CPU
		{DB0D2C46-1766-4E8D-AF86-94301664A28C}.Release|Any CPU.ActiveCfg = Release|Any CPU
		{DB0D2C46-1766-4E8D-AF86-94301664A28C}.Release|Any CPU.Build.0 = Release|Any CPU
		{40C4D29D-3EFD-4F70-A7DF-AF6994EA5FB7}.Debug|Any CPU.ActiveCfg = Debug|Any CPU
		{40C4D29D-3EFD-4F70-A7DF-AF6994EA5FB7}.Debug|Any CPU.Build.0 = Debug|Any CPU
		{40C4D29D-3EFD-4F70-A7DF-AF6994EA5FB7}.Release|Any CPU.ActiveCfg = Release|Any CPU
		{40C4D29D-3EFD-4F70-A7DF-AF6994EA5FB7}.Release|Any CPU.Build.0 = Release|Any CPU
		{9117F8A7-C169-47DE-8F4D-5ED0A3E992A5}.Debug|Any CPU.ActiveCfg = Debug|Any CPU
		{9117F8A7-C169-47DE-8F4D-5ED0A3E992A5}.Debug|Any CPU.Build.0 = Debug|Any CPU
		{9117F8A7-C169-47DE-8F4D-5ED0A3E992A5}.Release|Any CPU.ActiveCfg = Release|Any CPU
		{9117F8A7-C169-47DE-8F4D-5ED0A3E992A5}.Release|Any CPU.Build.0 = Release|Any CPU
		{FDD74ADE-EAE6-4F3F-B0EB-65FBE7414782}.Debug|Any CPU.ActiveCfg = Debug|Any CPU
		{FDD74ADE-EAE6-4F3F-B0EB-65FBE7414782}.Debug|Any CPU.Build.0 = Debug|Any CPU
		{FDD74ADE-EAE6-4F3F-B0EB-65FBE7414782}.Release|Any CPU.ActiveCfg = Release|Any CPU
		{FDD74ADE-EAE6-4F3F-B0EB-65FBE7414782}.Release|Any CPU.Build.0 = Release|Any CPU
		{D2B88DEC-CFB2-4AFD-93B9-178359685A70}.Debug|Any CPU.ActiveCfg = Debug|Any CPU
		{D2B88DEC-CFB2-4AFD-93B9-178359685A70}.Debug|Any CPU.Build.0 = Debug|Any CPU
		{D2B88DEC-CFB2-4AFD-93B9-178359685A70}.Release|Any CPU.ActiveCfg = Release|Any CPU
		{D2B88DEC-CFB2-4AFD-93B9-178359685A70}.Release|Any CPU.Build.0 = Release|Any CPU
		{5C04D365-9E32-424F-970A-C7E1B697A29A}.Debug|Any CPU.ActiveCfg = Debug|Any CPU
		{5C04D365-9E32-424F-970A-C7E1B697A29A}.Debug|Any CPU.Build.0 = Debug|Any CPU
		{5C04D365-9E32-424F-970A-C7E1B697A29A}.Release|Any CPU.ActiveCfg = Release|Any CPU
		{5C04D365-9E32-424F-970A-C7E1B697A29A}.Release|Any CPU.Build.0 = Release|Any CPU
		{8EEF1B5E-6CFC-4AB8-96E2-81B31DFDC0AA}.Debug|Any CPU.ActiveCfg = Debug|Any CPU
		{8EEF1B5E-6CFC-4AB8-96E2-81B31DFDC0AA}.Debug|Any CPU.Build.0 = Debug|Any CPU
		{8EEF1B5E-6CFC-4AB8-96E2-81B31DFDC0AA}.Release|Any CPU.ActiveCfg = Release|Any CPU
		{8EEF1B5E-6CFC-4AB8-96E2-81B31DFDC0AA}.Release|Any CPU.Build.0 = Release|Any CPU
		{B2BCB6AC-4BAA-49E6-B47F-EC855FB65CE5}.Debug|Any CPU.ActiveCfg = Debug|Any CPU
		{B2BCB6AC-4BAA-49E6-B47F-EC855FB65CE5}.Debug|Any CPU.Build.0 = Debug|Any CPU
		{B2BCB6AC-4BAA-49E6-B47F-EC855FB65CE5}.Release|Any CPU.ActiveCfg = Release|Any CPU
		{B2BCB6AC-4BAA-49E6-B47F-EC855FB65CE5}.Release|Any CPU.Build.0 = Release|Any CPU
		{5ED7DA59-3CE9-4ED6-84DE-79753EE8362F}.Debug|Any CPU.ActiveCfg = Debug|Any CPU
		{5ED7DA59-3CE9-4ED6-84DE-79753EE8362F}.Debug|Any CPU.Build.0 = Debug|Any CPU
		{5ED7DA59-3CE9-4ED6-84DE-79753EE8362F}.Release|Any CPU.ActiveCfg = Release|Any CPU
		{5ED7DA59-3CE9-4ED6-84DE-79753EE8362F}.Release|Any CPU.Build.0 = Release|Any CPU
		{6833FF52-7D26-48A4-A1A0-D4353E342C0E}.Debug|Any CPU.ActiveCfg = Debug|Any CPU
		{6833FF52-7D26-48A4-A1A0-D4353E342C0E}.Debug|Any CPU.Build.0 = Debug|Any CPU
		{6833FF52-7D26-48A4-A1A0-D4353E342C0E}.Release|Any CPU.ActiveCfg = Release|Any CPU
		{6833FF52-7D26-48A4-A1A0-D4353E342C0E}.Release|Any CPU.Build.0 = Release|Any CPU
		{26503291-BD6C-4878-9CE5-127A1152175D}.Debug|Any CPU.ActiveCfg = Debug|Any CPU
		{26503291-BD6C-4878-9CE5-127A1152175D}.Debug|Any CPU.Build.0 = Debug|Any CPU
		{26503291-BD6C-4878-9CE5-127A1152175D}.Release|Any CPU.ActiveCfg = Release|Any CPU
		{26503291-BD6C-4878-9CE5-127A1152175D}.Release|Any CPU.Build.0 = Release|Any CPU
		{D6BFA899-2536-441B-B718-2C60A73078C3}.Debug|Any CPU.ActiveCfg = Debug|Any CPU
		{D6BFA899-2536-441B-B718-2C60A73078C3}.Debug|Any CPU.Build.0 = Debug|Any CPU
		{D6BFA899-2536-441B-B718-2C60A73078C3}.Release|Any CPU.ActiveCfg = Release|Any CPU
		{D6BFA899-2536-441B-B718-2C60A73078C3}.Release|Any CPU.Build.0 = Release|Any CPU
		{97574EC9-6790-45C5-9409-384DA8212ABD}.Debug|Any CPU.ActiveCfg = Debug|Any CPU
		{97574EC9-6790-45C5-9409-384DA8212ABD}.Debug|Any CPU.Build.0 = Debug|Any CPU
		{97574EC9-6790-45C5-9409-384DA8212ABD}.Release|Any CPU.ActiveCfg = Release|Any CPU
		{97574EC9-6790-45C5-9409-384DA8212ABD}.Release|Any CPU.Build.0 = Release|Any CPU
		{BE4E8CED-09EF-4449-AEA3-4B2B31997C6C}.Debug|Any CPU.ActiveCfg = Debug|Any CPU
		{BE4E8CED-09EF-4449-AEA3-4B2B31997C6C}.Debug|Any CPU.Build.0 = Debug|Any CPU
		{BE4E8CED-09EF-4449-AEA3-4B2B31997C6C}.Release|Any CPU.ActiveCfg = Release|Any CPU
		{BE4E8CED-09EF-4449-AEA3-4B2B31997C6C}.Release|Any CPU.Build.0 = Release|Any CPU
		{9E51873E-6DFB-4BDD-BA6B-9A86B304DE70}.Debug|Any CPU.ActiveCfg = Debug|Any CPU
		{9E51873E-6DFB-4BDD-BA6B-9A86B304DE70}.Debug|Any CPU.Build.0 = Debug|Any CPU
		{9E51873E-6DFB-4BDD-BA6B-9A86B304DE70}.Release|Any CPU.ActiveCfg = Release|Any CPU
		{9E51873E-6DFB-4BDD-BA6B-9A86B304DE70}.Release|Any CPU.Build.0 = Release|Any CPU
		{8565E404-A3A0-4B8C-9B7B-6E55898E8B77}.Debug|Any CPU.ActiveCfg = Debug|Any CPU
		{8565E404-A3A0-4B8C-9B7B-6E55898E8B77}.Debug|Any CPU.Build.0 = Debug|Any CPU
		{8565E404-A3A0-4B8C-9B7B-6E55898E8B77}.Release|Any CPU.ActiveCfg = Release|Any CPU
		{8565E404-A3A0-4B8C-9B7B-6E55898E8B77}.Release|Any CPU.Build.0 = Release|Any CPU
		{8340F068-C696-45E2-A6E7-6033511D8CAF}.Debug|Any CPU.ActiveCfg = Debug|Any CPU
		{8340F068-C696-45E2-A6E7-6033511D8CAF}.Debug|Any CPU.Build.0 = Debug|Any CPU
		{8340F068-C696-45E2-A6E7-6033511D8CAF}.Release|Any CPU.ActiveCfg = Release|Any CPU
		{8340F068-C696-45E2-A6E7-6033511D8CAF}.Release|Any CPU.Build.0 = Release|Any CPU
		{78006481-951F-40EC-AAD1-AB233B6EBF3B}.Debug|Any CPU.ActiveCfg = Debug|Any CPU
		{78006481-951F-40EC-AAD1-AB233B6EBF3B}.Debug|Any CPU.Build.0 = Debug|Any CPU
		{78006481-951F-40EC-AAD1-AB233B6EBF3B}.Release|Any CPU.ActiveCfg = Release|Any CPU
		{78006481-951F-40EC-AAD1-AB233B6EBF3B}.Release|Any CPU.Build.0 = Release|Any CPU
		{ED64B6A4-40DA-4C2E-84BC-E090C8B11102}.Debug|Any CPU.ActiveCfg = Debug|Any CPU
		{ED64B6A4-40DA-4C2E-84BC-E090C8B11102}.Debug|Any CPU.Build.0 = Debug|Any CPU
		{ED64B6A4-40DA-4C2E-84BC-E090C8B11102}.Release|Any CPU.ActiveCfg = Release|Any CPU
		{ED64B6A4-40DA-4C2E-84BC-E090C8B11102}.Release|Any CPU.Build.0 = Release|Any CPU
		{5F83CF84-50DA-4B67-9190-6AF6ED8A3264}.Debug|Any CPU.ActiveCfg = Debug|Any CPU
		{5F83CF84-50DA-4B67-9190-6AF6ED8A3264}.Debug|Any CPU.Build.0 = Debug|Any CPU
		{5F83CF84-50DA-4B67-9190-6AF6ED8A3264}.Release|Any CPU.ActiveCfg = Release|Any CPU
		{5F83CF84-50DA-4B67-9190-6AF6ED8A3264}.Release|Any CPU.Build.0 = Release|Any CPU
		{C8E2DC4F-4D80-4FA4-BC1D-0FBAC52AC0A7}.Debug|Any CPU.ActiveCfg = Debug|Any CPU
		{C8E2DC4F-4D80-4FA4-BC1D-0FBAC52AC0A7}.Debug|Any CPU.Build.0 = Debug|Any CPU
		{C8E2DC4F-4D80-4FA4-BC1D-0FBAC52AC0A7}.Release|Any CPU.ActiveCfg = Release|Any CPU
		{C8E2DC4F-4D80-4FA4-BC1D-0FBAC52AC0A7}.Release|Any CPU.Build.0 = Release|Any CPU
	EndGlobalSection
	GlobalSection(SolutionProperties) = preSolution
		HideSolutionNode = FALSE
	EndGlobalSection
	GlobalSection(ExtensibilityGlobals) = postSolution
		SolutionGuid = {9CFCD705-42B8-49B7-BB4C-2E52DC8F4747}
	EndGlobalSection
EndGlobal
